
Microsoft Visual Studio Solution File, Format Version 12.00
Project("{2150E333-8FDC-42A3-9474-1A3956D46DE8}") = "src", "src", "{A0C56011-E6EA-4E5C-B1EA-6B1655B556C9}"
EndProject
Project("{2150E333-8FDC-42A3-9474-1A3956D46DE8}") = "Backend", "Backend", "{349F02C9-C93A-4BA0-8B42-B96071D18B0B}"
EndProject
Project("{2150E333-8FDC-42A3-9474-1A3956D46DE8}") = "Frontend", "Frontend", "{22B05927-FC6C-4CAC-A395-294D4383C640}"
EndProject
Project("{FAE04EC0-301F-11D3-BF4B-00C04F79EFBC}") = "Domain", "src\Domain\Domain.csproj", "{FCDD9EA5-F400-4817-94C6-8680B10DBF0D}"
EndProject
Project("{FAE04EC0-301F-11D3-BF4B-00C04F79EFBC}") = "Application", "src\Application\Application.csproj", "{F363A8A9-8EA3-4F17-B75D-793EF442AE41}"
EndProject
Project("{FAE04EC0-301F-11D3-BF4B-00C04F79EFBC}") = "Infrastructure", "src\Infrastructure\Infrastructure.csproj", "{B3A5CF1C-A817-47FD-8484-C88BCEC00DEB}"
EndProject
Project("{FAE04EC0-301F-11D3-BF4B-00C04F79EFBC}") = "Views", "src\Views\Views.csproj", "{2BA30357-2347-450D-B3C4-4DD0CC5E49F7}"
EndProject
Project("{FAE04EC0-301F-11D3-BF4B-00C04F79EFBC}") = "WebApi", "src\WebApi\WebApi.csproj", "{4218F6F3-DB0D-4CB6-8F8C-6E17B279BC07}"
EndProject
Project("{FAE04EC0-301F-11D3-BF4B-00C04F79EFBC}") = "WebGui", "src\WebGui\WebGui.csproj", "{7E71584C-AF4D-41F1-9602-09ECD5F49923}"
EndProject
Project("{FAE04EC0-301F-11D3-BF4B-00C04F79EFBC}") = "Gateways", "src\Gateways\Gateways.csproj", "{FF91213F-EDF5-49DB-ACA1-FBCB31756CBD}"
EndProject
Global
	GlobalSection(SolutionConfigurationPlatforms) = preSolution
		Debug|Any CPU = Debug|Any CPU
		Release|Any CPU = Release|Any CPU
	EndGlobalSection
	GlobalSection(NestedProjects) = preSolution
		{349F02C9-C93A-4BA0-8B42-B96071D18B0B} = {A0C56011-E6EA-4E5C-B1EA-6B1655B556C9}
		{22B05927-FC6C-4CAC-A395-294D4383C640} = {A0C56011-E6EA-4E5C-B1EA-6B1655B556C9}
		{FCDD9EA5-F400-4817-94C6-8680B10DBF0D} = {A0C56011-E6EA-4E5C-B1EA-6B1655B556C9}
		{F363A8A9-8EA3-4F17-B75D-793EF442AE41} = {349F02C9-C93A-4BA0-8B42-B96071D18B0B}
		{B3A5CF1C-A817-47FD-8484-C88BCEC00DEB} = {349F02C9-C93A-4BA0-8B42-B96071D18B0B}
		{2BA30357-2347-450D-B3C4-4DD0CC5E49F7} = {22B05927-FC6C-4CAC-A395-294D4383C640}
		{4218F6F3-DB0D-4CB6-8F8C-6E17B279BC07} = {349F02C9-C93A-4BA0-8B42-B96071D18B0B}
		{7E71584C-AF4D-41F1-9602-09ECD5F49923} = {22B05927-FC6C-4CAC-A395-294D4383C640}
		{FF91213F-EDF5-49DB-ACA1-FBCB31756CBD} = {22B05927-FC6C-4CAC-A395-294D4383C640}
	EndGlobalSection
	GlobalSection(ProjectConfigurationPlatforms) = postSolution
		{FCDD9EA5-F400-4817-94C6-8680B10DBF0D}.Debug|Any CPU.ActiveCfg = Debug|Any CPU
		{FCDD9EA5-F400-4817-94C6-8680B10DBF0D}.Debug|Any CPU.Build.0 = Debug|Any CPU
		{FCDD9EA5-F400-4817-94C6-8680B10DBF0D}.Release|Any CPU.ActiveCfg = Release|Any CPU
		{FCDD9EA5-F400-4817-94C6-8680B10DBF0D}.Release|Any CPU.Build.0 = Release|Any CPU
		{F363A8A9-8EA3-4F17-B75D-793EF442AE41}.Debug|Any CPU.ActiveCfg = Debug|Any CPU
		{F363A8A9-8EA3-4F17-B75D-793EF442AE41}.Debug|Any CPU.Build.0 = Debug|Any CPU
		{F363A8A9-8EA3-4F17-B75D-793EF442AE41}.Release|Any CPU.ActiveCfg = Release|Any CPU
		{F363A8A9-8EA3-4F17-B75D-793EF442AE41}.Release|Any CPU.Build.0 = Release|Any CPU
		{B3A5CF1C-A817-47FD-8484-C88BCEC00DEB}.Debug|Any CPU.ActiveCfg = Debug|Any CPU
		{B3A5CF1C-A817-47FD-8484-C88BCEC00DEB}.Debug|Any CPU.Build.0 = Debug|Any CPU
		{B3A5CF1C-A817-47FD-8484-C88BCEC00DEB}.Release|Any CPU.ActiveCfg = Release|Any CPU
		{B3A5CF1C-A817-47FD-8484-C88BCEC00DEB}.Release|Any CPU.Build.0 = Release|Any CPU
		{2BA30357-2347-450D-B3C4-4DD0CC5E49F7}.Debug|Any CPU.ActiveCfg = Debug|Any CPU
		{2BA30357-2347-450D-B3C4-4DD0CC5E49F7}.Debug|Any CPU.Build.0 = Debug|Any CPU
		{2BA30357-2347-450D-B3C4-4DD0CC5E49F7}.Release|Any CPU.ActiveCfg = Release|Any CPU
		{2BA30357-2347-450D-B3C4-4DD0CC5E49F7}.Release|Any CPU.Build.0 = Release|Any CPU
		{4218F6F3-DB0D-4CB6-8F8C-6E17B279BC07}.Debug|Any CPU.ActiveCfg = Debug|Any CPU
		{4218F6F3-DB0D-4CB6-8F8C-6E17B279BC07}.Debug|Any CPU.Build.0 = Debug|Any CPU
		{4218F6F3-DB0D-4CB6-8F8C-6E17B279BC07}.Release|Any CPU.ActiveCfg = Release|Any CPU
		{4218F6F3-DB0D-4CB6-8F8C-6E17B279BC07}.Release|Any CPU.Build.0 = Release|Any CPU
		{7E71584C-AF4D-41F1-9602-09ECD5F49923}.Debug|Any CPU.ActiveCfg = Debug|Any CPU
		{7E71584C-AF4D-41F1-9602-09ECD5F49923}.Debug|Any CPU.Build.0 = Debug|Any CPU
		{7E71584C-AF4D-41F1-9602-09ECD5F49923}.Release|Any CPU.ActiveCfg = Release|Any CPU
		{7E71584C-AF4D-41F1-9602-09ECD5F49923}.Release|Any CPU.Build.0 = Release|Any CPU
		{FF91213F-EDF5-49DB-ACA1-FBCB31756CBD}.Debug|Any CPU.ActiveCfg = Debug|Any CPU
		{FF91213F-EDF5-49DB-ACA1-FBCB31756CBD}.Debug|Any CPU.Build.0 = Debug|Any CPU
		{FF91213F-EDF5-49DB-ACA1-FBCB31756CBD}.Release|Any CPU.ActiveCfg = Release|Any CPU
		{FF91213F-EDF5-49DB-ACA1-FBCB31756CBD}.Release|Any CPU.Build.0 = Release|Any CPU
	EndGlobalSection
EndGlobal
